version: 2.0
shards:
  db:
    git: https://github.com/crystal-lang/crystal-db.git
    version: 0.14.0

  gi-crystal:
    git: https://github.com/hugopl/gi-crystal.git
    version: 0.25.1

  gtk4:
    git: https://github.com/hugopl/gtk4.cr.git
    version: 0.18.0

  harfbuzz:
    git: https://github.com/hugopl/harfbuzz.cr.git
    version: 0.2.1

  markd:
    git: https://github.com/icyleaf/markd.git
    version: 0.6.0

  pango:
    git: https://github.com/hugopl/pango.cr.git
    version: 0.3.1

  sqlite3:
    git: https://github.com/crystal-lang/crystal-sqlite3.git
    version: 0.23.0
